
Microsoft Visual Studio Solution File, Format Version 12.00
# Visual Studio 14
VisualStudioVersion = 14.0.23107.0
MinimumVisualStudioVersion = 10.0.40219.1
Project("{FAE04EC0-301F-11D3-BF4B-00C04F79EFBC}") = "MvvmLightBindingAttributes.NuGet", "MvvmLightBindingAttributes.NuGet\MvvmLightBindingAttributes.NuGet.csproj", "{45CDA716-68C2-436B-97D4-C2A849A20BDA}"
	ProjectSection(ProjectDependencies) = postProject
		{5158407B-AEC6-476F-9775-36E8388E627C} = {5158407B-AEC6-476F-9775-36E8388E627C}
	EndProjectSection
EndProject
Project("{FAE04EC0-301F-11D3-BF4B-00C04F79EFBC}") = "MvvmLightBindingAttributes", "MvvmLightBindingAttributes\MvvmLightBindingAttributes.csproj", "{5158407B-AEC6-476F-9775-36E8388E627C}"
EndProject
Project("{2150E333-8FDC-42A3-9474-1A3956D46DE8}") = "Solution Items", "Solution Items", "{136125D4-50D5-4216-B136-ED005569B4A4}"
	ProjectSection(SolutionItems) = preProject
		.gitignore = .gitignore
	EndProjectSection
EndProject
Global
	GlobalSection(SolutionConfigurationPlatforms) = preSolution
		Debug|Any CPU = Debug|Any CPU
		Release|Any CPU = Release|Any CPU
	EndGlobalSection
	GlobalSection(ProjectConfigurationPlatforms) = postSolution
		{45CDA716-68C2-436B-97D4-C2A849A20BDA}.Debug|Any CPU.ActiveCfg = Debug|Any CPU
		{45CDA716-68C2-436B-97D4-C2A849A20BDA}.Debug|Any CPU.Build.0 = Debug|Any CPU
		{45CDA716-68C2-436B-97D4-C2A849A20BDA}.Release|Any CPU.ActiveCfg = Release|Any CPU
		{45CDA716-68C2-436B-97D4-C2A849A20BDA}.Release|Any CPU.Build.0 = Release|Any CPU
		{5158407B-AEC6-476F-9775-36E8388E627C}.Debug|Any CPU.ActiveCfg = Debug|Any CPU
		{5158407B-AEC6-476F-9775-36E8388E627C}.Debug|Any CPU.Build.0 = Debug|Any CPU
		{5158407B-AEC6-476F-9775-36E8388E627C}.Release|Any CPU.ActiveCfg = Release|Any CPU
		{5158407B-AEC6-476F-9775-36E8388E627C}.Release|Any CPU.Build.0 = Release|Any CPU
	EndGlobalSection
	GlobalSection(SolutionProperties) = preSolution
		HideSolutionNode = FALSE
	EndGlobalSection
EndGlobal
